
Microsoft Visual Studio Solution File, Format Version 12.00
# Visual Studio Version 16
VisualStudioVersion = 16.0.31321.278
MinimumVisualStudioVersion = 10.0.40219.1
Project("{FAE04EC0-301F-11D3-BF4B-00C04F79EFBC}") = "pointIt", "pointIt.csproj", "{9F353BD5-A38C-42B9-AF44-99B75BE9F909}"
EndProject
Global
	GlobalSection(SolutionConfigurationPlatforms) = preSolution
		Debug|Any CPU = Debug|Any CPU
		Release|Any CPU = Release|Any CPU
	EndGlobalSection
	GlobalSection(ProjectConfigurationPlatforms) = postSolution
		{9F353BD5-A38C-42B9-AF44-99B75BE9F909}.Debug|Any CPU.ActiveCfg = Debug|Any CPU
		{9F353BD5-A38C-42B9-AF44-99B75BE9F909}.Debug|Any CPU.Build.0 = Debug|Any CPU
		{9F353BD5-A38C-42B9-AF44-99B75BE9F909}.Release|Any CPU.ActiveCfg = Release|Any CPU
		{9F353BD5-A38C-42B9-AF44-99B75BE9F909}.Release|Any CPU.Build.0 = Release|Any CPU
	EndGlobalSection
	GlobalSection(SolutionProperties) = preSolution
		HideSolutionNode = FALSE
	EndGlobalSection
	GlobalSection(ExtensibilityGlobals) = postSolution
		SolutionGuid = {2C815EF8-6A7A-4241-A12C-0DDC9D2A939F}
	EndGlobalSection
EndGlobal
